
Microsoft Visual Studio Solution File, Format Version 12.00
# Visual Studio 15
VisualStudioVersion = 15.0.28307.645
MinimumVisualStudioVersion = 10.0.40219.1
Project("{FAE04EC0-301F-11D3-BF4B-00C04F79EFBC}") = "AppHoteles", "AppHoteles\AppHoteles.csproj", "{AE3EFDEB-008F-4F42-81F3-5570CFC2DF36}"
EndProject
Global
	GlobalSection(SolutionConfigurationPlatforms) = preSolution
		Debug|Any CPU = Debug|Any CPU
		Release|Any CPU = Release|Any CPU
	EndGlobalSection
	GlobalSection(ProjectConfigurationPlatforms) = postSolution
		{AE3EFDEB-008F-4F42-81F3-5570CFC2DF36}.Debug|Any CPU.ActiveCfg = Debug|Any CPU
		{AE3EFDEB-008F-4F42-81F3-5570CFC2DF36}.Debug|Any CPU.Build.0 = Debug|Any CPU
		{AE3EFDEB-008F-4F42-81F3-5570CFC2DF36}.Release|Any CPU.ActiveCfg = Release|Any CPU
		{AE3EFDEB-008F-4F42-81F3-5570CFC2DF36}.Release|Any CPU.Build.0 = Release|Any CPU
	EndGlobalSection
	GlobalSection(SolutionProperties) = preSolution
		HideSolutionNode = FALSE
	EndGlobalSection
	GlobalSection(ExtensibilityGlobals) = postSolution
		SolutionGuid = {BAEF1BDA-339E-4630-BA40-E50A300A11F9}
	EndGlobalSection
EndGlobal
